
Microsoft Visual Studio Solution File, Format Version 12.00
# Visual Studio 15
VisualStudioVersion = 15.0.27428.2005
MinimumVisualStudioVersion = 10.0.40219.1
Project("{FAE04EC0-301F-11D3-BF4B-00C04F79EFBC}") = "CinemaWebApp", "CinemaWebApp\CinemaWebApp.csproj", "{9489CBA0-1B82-46D3-AEC6-21DEF567F633}"
EndProject
Global
	GlobalSection(SolutionConfigurationPlatforms) = preSolution
		Debug|Any CPU = Debug|Any CPU
		Release|Any CPU = Release|Any CPU
	EndGlobalSection
	GlobalSection(ProjectConfigurationPlatforms) = postSolution
		{9489CBA0-1B82-46D3-AEC6-21DEF567F633}.Debug|Any CPU.ActiveCfg = Debug|Any CPU
		{9489CBA0-1B82-46D3-AEC6-21DEF567F633}.Debug|Any CPU.Build.0 = Debug|Any CPU
		{9489CBA0-1B82-46D3-AEC6-21DEF567F633}.Release|Any CPU.ActiveCfg = Release|Any CPU
		{9489CBA0-1B82-46D3-AEC6-21DEF567F633}.Release|Any CPU.Build.0 = Release|Any CPU
	EndGlobalSection
	GlobalSection(SolutionProperties) = preSolution
		HideSolutionNode = FALSE
	EndGlobalSection
	GlobalSection(ExtensibilityGlobals) = postSolution
		SolutionGuid = {E15AA841-0133-4B45-9965-8E7FE3861528}
	EndGlobalSection
EndGlobal
